
Microsoft Visual Studio Solution File, Format Version 12.00
# Visual Studio Version 17
VisualStudioVersion = 17.4.33122.133
MinimumVisualStudioVersion = 10.0.40219.1
Project("{9A19103F-16F7-4668-BE54-9A1E7A4F7556}") = "Evva", "Evva\Evva.csproj", "{98B5E0D2-A042-4630-B14B-88330C805677}"
EndProject
Project("{9A19103F-16F7-4668-BE54-9A1E7A4F7556}") = "DeviceCommunicators", "DevicesInfrastructures\DeviceCommunicators\DeviceCommunicators.csproj", "{705DB61D-6AF8-4D40-B1A9-87601CACF834}"
EndProject
Project("{9A19103F-16F7-4668-BE54-9A1E7A4F7556}") = "DeviceHandler", "DevicesInfrastructures\DeviceHandler\DeviceHandler.csproj", "{85E1B439-7DD1-4922-B8D1-7BD554FA85A1}"
EndProject
Project("{9A19103F-16F7-4668-BE54-9A1E7A4F7556}") = "DeviceSimulators", "DevicesInfrastructures\DeviceSimulators\DeviceSimulators.csproj", "{ADA0E9DD-BF53-40AB-A7F8-5675AA8F1A89}"
EndProject
Project("{9A19103F-16F7-4668-BE54-9A1E7A4F7556}") = "Communication", "Infrastructure\Communication\Communication.csproj", "{7FE1AC8D-8592-4804-B359-08ED5BBB1162}"
EndProject
Project("{9A19103F-16F7-4668-BE54-9A1E7A4F7556}") = "Controls", "Infrastructure\Controls\Controls.csproj", "{D3A71341-4F2C-4E83-8061-32499392CBEB}"
EndProject
Project("{9A19103F-16F7-4668-BE54-9A1E7A4F7556}") = "Converters", "Infrastructure\Converters\Converters.csproj", "{A1CBE05C-ADBE-4CAC-82A2-773EB8E20C05}"
EndProject
Project("{9A19103F-16F7-4668-BE54-9A1E7A4F7556}") = "DBCFileParser", "Infrastructure\DBCFileParser\DBCFileParser.csproj", "{F222212E-F924-4BF6-BD2F-C57507381F0F}"
EndProject
Project("{9A19103F-16F7-4668-BE54-9A1E7A4F7556}") = "Entities", "Infrastructure\Entities\Entities.csproj", "{898D4B41-917A-4B04-A6C0-AE0CDF7DE7A6}"
EndProject
Project("{9A19103F-16F7-4668-BE54-9A1E7A4F7556}") = "Services", "Infrastructure\Services\Services.csproj", "{2644D6D5-3C8C-4DBC-A2B8-777D24A95830}"
EndProject
Project("{9A19103F-16F7-4668-BE54-9A1E7A4F7556}") = "ScriptRunner", "ScriptsInfrastructure\ScriptRunner\ScriptRunner.csproj", "{40FA5541-3BAC-4D50-A813-F83ED2477307}"
EndProject
Project("{9A19103F-16F7-4668-BE54-9A1E7A4F7556}") = "ScriptHandler", "ScriptsInfrastructure\ScriptHandler\ScriptHandler.csproj", "{3D828664-1554-4F49-90DC-84B1EE0A1E54}"
EndProject
Project("{9A19103F-16F7-4668-BE54-9A1E7A4F7556}") = "FlashingToolLib", "FlashingToollib\FlashingToolLib\FlashingToolLib.csproj", "{E941237E-AF03-4D99-834A-25FBE9F2F053}"
EndProject
Project("{FAE04EC0-301F-11D3-BF4B-00C04F79EFBC}") = "DesignDiagram", "DesignDiagram\DesignDiagram.csproj", "{AD26428F-1B03-40F0-B4C2-6BA2502899C4}"
EndProject
Global
	GlobalSection(SolutionConfigurationPlatforms) = preSolution
		Debug|Any CPU = Debug|Any CPU
		Debug|x64 = Debug|x64
		Debug|x86 = Debug|x86
		Release|Any CPU = Release|Any CPU
		Release|x64 = Release|x64
		Release|x86 = Release|x86
	EndGlobalSection
	GlobalSection(ProjectConfigurationPlatforms) = postSolution
		{98B5E0D2-A042-4630-B14B-88330C805677}.Debug|Any CPU.ActiveCfg = Debug|Any CPU
		{98B5E0D2-A042-4630-B14B-88330C805677}.Debug|Any CPU.Build.0 = Debug|Any CPU
		{98B5E0D2-A042-4630-B14B-88330C805677}.Debug|x64.ActiveCfg = Debug|x64
		{98B5E0D2-A042-4630-B14B-88330C805677}.Debug|x64.Build.0 = Debug|x64
		{98B5E0D2-A042-4630-B14B-88330C805677}.Debug|x86.ActiveCfg = Debug|x86
		{98B5E0D2-A042-4630-B14B-88330C805677}.Debug|x86.Build.0 = Debug|x86
		{98B5E0D2-A042-4630-B14B-88330C805677}.Release|Any CPU.ActiveCfg = Release|Any CPU
		{98B5E0D2-A042-4630-B14B-88330C805677}.Release|Any CPU.Build.0 = Release|Any CPU
		{98B5E0D2-A042-4630-B14B-88330C805677}.Release|x64.ActiveCfg = Release|x64
		{98B5E0D2-A042-4630-B14B-88330C805677}.Release|x64.Build.0 = Release|x64
		{98B5E0D2-A042-4630-B14B-88330C805677}.Release|x86.ActiveCfg = Release|x86
		{98B5E0D2-A042-4630-B14B-88330C805677}.Release|x86.Build.0 = Release|x86
		{705DB61D-6AF8-4D40-B1A9-87601CACF834}.Debug|Any CPU.ActiveCfg = Debug|Any CPU
		{705DB61D-6AF8-4D40-B1A9-87601CACF834}.Debug|Any CPU.Build.0 = Debug|Any CPU
		{705DB61D-6AF8-4D40-B1A9-87601CACF834}.Debug|x64.ActiveCfg = Debug|x64
		{705DB61D-6AF8-4D40-B1A9-87601CACF834}.Debug|x64.Build.0 = Debug|x64
		{705DB61D-6AF8-4D40-B1A9-87601CACF834}.Debug|x86.ActiveCfg = Debug|x86
		{705DB61D-6AF8-4D40-B1A9-87601CACF834}.Debug|x86.Build.0 = Debug|x86
		{705DB61D-6AF8-4D40-B1A9-87601CACF834}.Release|Any CPU.ActiveCfg = Release|Any CPU
		{705DB61D-6AF8-4D40-B1A9-87601CACF834}.Release|Any CPU.Build.0 = Release|Any CPU
		{705DB61D-6AF8-4D40-B1A9-87601CACF834}.Release|x64.ActiveCfg = Release|x64
		{705DB61D-6AF8-4D40-B1A9-87601CACF834}.Release|x64.Build.0 = Release|x64
		{705DB61D-6AF8-4D40-B1A9-87601CACF834}.Release|x86.ActiveCfg = Release|x86
		{705DB61D-6AF8-4D40-B1A9-87601CACF834}.Release|x86.Build.0 = Release|x86
		{85E1B439-7DD1-4922-B8D1-7BD554FA85A1}.Debug|Any CPU.ActiveCfg = Debug|Any CPU
		{85E1B439-7DD1-4922-B8D1-7BD554FA85A1}.Debug|Any CPU.Build.0 = Debug|Any CPU
		{85E1B439-7DD1-4922-B8D1-7BD554FA85A1}.Debug|x64.ActiveCfg = Debug|x64
		{85E1B439-7DD1-4922-B8D1-7BD554FA85A1}.Debug|x64.Build.0 = Debug|x64
		{85E1B439-7DD1-4922-B8D1-7BD554FA85A1}.Debug|x86.ActiveCfg = Debug|x86
		{85E1B439-7DD1-4922-B8D1-7BD554FA85A1}.Debug|x86.Build.0 = Debug|x86
		{85E1B439-7DD1-4922-B8D1-7BD554FA85A1}.Release|Any CPU.ActiveCfg = Release|Any CPU
		{85E1B439-7DD1-4922-B8D1-7BD554FA85A1}.Release|Any CPU.Build.0 = Release|Any CPU
		{85E1B439-7DD1-4922-B8D1-7BD554FA85A1}.Release|x64.ActiveCfg = Release|x64
		{85E1B439-7DD1-4922-B8D1-7BD554FA85A1}.Release|x64.Build.0 = Release|x64
		{85E1B439-7DD1-4922-B8D1-7BD554FA85A1}.Release|x86.ActiveCfg = Release|x86
		{85E1B439-7DD1-4922-B8D1-7BD554FA85A1}.Release|x86.Build.0 = Release|x86
		{ADA0E9DD-BF53-40AB-A7F8-5675AA8F1A89}.Debug|Any CPU.ActiveCfg = Debug|Any CPU
		{ADA0E9DD-BF53-40AB-A7F8-5675AA8F1A89}.Debug|Any CPU.Build.0 = Debug|Any CPU
		{ADA0E9DD-BF53-40AB-A7F8-5675AA8F1A89}.Debug|x64.ActiveCfg = Debug|x64
		{ADA0E9DD-BF53-40AB-A7F8-5675AA8F1A89}.Debug|x64.Build.0 = Debug|x64
		{ADA0E9DD-BF53-40AB-A7F8-5675AA8F1A89}.Debug|x86.ActiveCfg = Debug|x86
		{ADA0E9DD-BF53-40AB-A7F8-5675AA8F1A89}.Debug|x86.Build.0 = Debug|x86
		{ADA0E9DD-BF53-40AB-A7F8-5675AA8F1A89}.Release|Any CPU.ActiveCfg = Release|Any CPU
		{ADA0E9DD-BF53-40AB-A7F8-5675AA8F1A89}.Release|Any CPU.Build.0 = Release|Any CPU
		{ADA0E9DD-BF53-40AB-A7F8-5675AA8F1A89}.Release|x64.ActiveCfg = Release|x64
		{ADA0E9DD-BF53-40AB-A7F8-5675AA8F1A89}.Release|x64.Build.0 = Release|x64
		{ADA0E9DD-BF53-40AB-A7F8-5675AA8F1A89}.Release|x86.ActiveCfg = Release|x86
		{ADA0E9DD-BF53-40AB-A7F8-5675AA8F1A89}.Release|x86.Build.0 = Release|x86
		{7FE1AC8D-8592-4804-B359-08ED5BBB1162}.Debug|Any CPU.ActiveCfg = Debug|Any CPU
		{7FE1AC8D-8592-4804-B359-08ED5BBB1162}.Debug|Any CPU.Build.0 = Debug|Any CPU
		{7FE1AC8D-8592-4804-B359-08ED5BBB1162}.Debug|x64.ActiveCfg = Debug|x64
		{7FE1AC8D-8592-4804-B359-08ED5BBB1162}.Debug|x64.Build.0 = Debug|x64
		{7FE1AC8D-8592-4804-B359-08ED5BBB1162}.Debug|x86.ActiveCfg = Debug|x86
		{7FE1AC8D-8592-4804-B359-08ED5BBB1162}.Debug|x86.Build.0 = Debug|x86
		{7FE1AC8D-8592-4804-B359-08ED5BBB1162}.Release|Any CPU.ActiveCfg = Release|Any CPU
		{7FE1AC8D-8592-4804-B359-08ED5BBB1162}.Release|Any CPU.Build.0 = Release|Any CPU
		{7FE1AC8D-8592-4804-B359-08ED5BBB1162}.Release|x64.ActiveCfg = Release|x64
		{7FE1AC8D-8592-4804-B359-08ED5BBB1162}.Release|x64.Build.0 = Release|x64
		{7FE1AC8D-8592-4804-B359-08ED5BBB1162}.Release|x86.ActiveCfg = Release|x86
		{7FE1AC8D-8592-4804-B359-08ED5BBB1162}.Release|x86.Build.0 = Release|x86
		{D3A71341-4F2C-4E83-8061-32499392CBEB}.Debug|Any CPU.ActiveCfg = Debug|Any CPU
		{D3A71341-4F2C-4E83-8061-32499392CBEB}.Debug|Any CPU.Build.0 = Debug|Any CPU
		{D3A71341-4F2C-4E83-8061-32499392CBEB}.Debug|x64.ActiveCfg = Debug|x64
		{D3A71341-4F2C-4E83-8061-32499392CBEB}.Debug|x64.Build.0 = Debug|x64
		{D3A71341-4F2C-4E83-8061-32499392CBEB}.Debug|x86.ActiveCfg = Debug|x86
		{D3A71341-4F2C-4E83-8061-32499392CBEB}.Debug|x86.Build.0 = Debug|x86
		{D3A71341-4F2C-4E83-8061-32499392CBEB}.Release|Any CPU.ActiveCfg = Release|Any CPU
		{D3A71341-4F2C-4E83-8061-32499392CBEB}.Release|Any CPU.Build.0 = Release|Any CPU
		{D3A71341-4F2C-4E83-8061-32499392CBEB}.Release|x64.ActiveCfg = Release|x64
		{D3A71341-4F2C-4E83-8061-32499392CBEB}.Release|x64.Build.0 = Release|x64
		{D3A71341-4F2C-4E83-8061-32499392CBEB}.Release|x86.ActiveCfg = Release|x86
		{D3A71341-4F2C-4E83-8061-32499392CBEB}.Release|x86.Build.0 = Release|x86
		{A1CBE05C-ADBE-4CAC-82A2-773EB8E20C05}.Debug|Any CPU.ActiveCfg = Debug|Any CPU
		{A1CBE05C-ADBE-4CAC-82A2-773EB8E20C05}.Debug|Any CPU.Build.0 = Debug|Any CPU
		{A1CBE05C-ADBE-4CAC-82A2-773EB8E20C05}.Debug|x64.ActiveCfg = Debug|x64
		{A1CBE05C-ADBE-4CAC-82A2-773EB8E20C05}.Debug|x64.Build.0 = Debug|x64
		{A1CBE05C-ADBE-4CAC-82A2-773EB8E20C05}.Debug|x86.ActiveCfg = Debug|x86
		{A1CBE05C-ADBE-4CAC-82A2-773EB8E20C05}.Debug|x86.Build.0 = Debug|x86
		{A1CBE05C-ADBE-4CAC-82A2-773EB8E20C05}.Release|Any CPU.ActiveCfg = Release|Any CPU
		{A1CBE05C-ADBE-4CAC-82A2-773EB8E20C05}.Release|Any CPU.Build.0 = Release|Any CPU
		{A1CBE05C-ADBE-4CAC-82A2-773EB8E20C05}.Release|x64.ActiveCfg = Release|x64
		{A1CBE05C-ADBE-4CAC-82A2-773EB8E20C05}.Release|x64.Build.0 = Release|x64
		{A1CBE05C-ADBE-4CAC-82A2-773EB8E20C05}.Release|x86.ActiveCfg = Release|x86
		{A1CBE05C-ADBE-4CAC-82A2-773EB8E20C05}.Release|x86.Build.0 = Release|x86
		{F222212E-F924-4BF6-BD2F-C57507381F0F}.Debug|Any CPU.ActiveCfg = Debug|Any CPU
		{F222212E-F924-4BF6-BD2F-C57507381F0F}.Debug|Any CPU.Build.0 = Debug|Any CPU
		{F222212E-F924-4BF6-BD2F-C57507381F0F}.Debug|x64.ActiveCfg = Debug|x64
		{F222212E-F924-4BF6-BD2F-C57507381F0F}.Debug|x64.Build.0 = Debug|x64
		{F222212E-F924-4BF6-BD2F-C57507381F0F}.Debug|x86.ActiveCfg = Debug|x86
		{F222212E-F924-4BF6-BD2F-C57507381F0F}.Debug|x86.Build.0 = Debug|x86
		{F222212E-F924-4BF6-BD2F-C57507381F0F}.Release|Any CPU.ActiveCfg = Release|Any CPU
		{F222212E-F924-4BF6-BD2F-C57507381F0F}.Release|Any CPU.Build.0 = Release|Any CPU
		{F222212E-F924-4BF6-BD2F-C57507381F0F}.Release|x64.ActiveCfg = Release|x64
		{F222212E-F924-4BF6-BD2F-C57507381F0F}.Release|x64.Build.0 = Release|x64
		{F222212E-F924-4BF6-BD2F-C57507381F0F}.Release|x86.ActiveCfg = Release|x86
		{F222212E-F924-4BF6-BD2F-C57507381F0F}.Release|x86.Build.0 = Release|x86
		{898D4B41-917A-4B04-A6C0-AE0CDF7DE7A6}.Debug|Any CPU.ActiveCfg = Debug|Any CPU
		{898D4B41-917A-4B04-A6C0-AE0CDF7DE7A6}.Debug|Any CPU.Build.0 = Debug|Any CPU
		{898D4B41-917A-4B04-A6C0-AE0CDF7DE7A6}.Debug|x64.ActiveCfg = Debug|x64
		{898D4B41-917A-4B04-A6C0-AE0CDF7DE7A6}.Debug|x64.Build.0 = Debug|x64
		{898D4B41-917A-4B04-A6C0-AE0CDF7DE7A6}.Debug|x86.ActiveCfg = Debug|x86
		{898D4B41-917A-4B04-A6C0-AE0CDF7DE7A6}.Debug|x86.Build.0 = Debug|x86
		{898D4B41-917A-4B04-A6C0-AE0CDF7DE7A6}.Release|Any CPU.ActiveCfg = Release|Any CPU
		{898D4B41-917A-4B04-A6C0-AE0CDF7DE7A6}.Release|Any CPU.Build.0 = Release|Any CPU
		{898D4B41-917A-4B04-A6C0-AE0CDF7DE7A6}.Release|x64.ActiveCfg = Release|x64
		{898D4B41-917A-4B04-A6C0-AE0CDF7DE7A6}.Release|x64.Build.0 = Release|x64
		{898D4B41-917A-4B04-A6C0-AE0CDF7DE7A6}.Release|x86.ActiveCfg = Release|x86
		{898D4B41-917A-4B04-A6C0-AE0CDF7DE7A6}.Release|x86.Build.0 = Release|x86
		{2644D6D5-3C8C-4DBC-A2B8-777D24A95830}.Debug|Any CPU.ActiveCfg = Debug|Any CPU
		{2644D6D5-3C8C-4DBC-A2B8-777D24A95830}.Debug|Any CPU.Build.0 = Debug|Any CPU
		{2644D6D5-3C8C-4DBC-A2B8-777D24A95830}.Debug|x64.ActiveCfg = Debug|x64
		{2644D6D5-3C8C-4DBC-A2B8-777D24A95830}.Debug|x64.Build.0 = Debug|x64
		{2644D6D5-3C8C-4DBC-A2B8-777D24A95830}.Debug|x86.ActiveCfg = Debug|x86
		{2644D6D5-3C8C-4DBC-A2B8-777D24A95830}.Debug|x86.Build.0 = Debug|x86
		{2644D6D5-3C8C-4DBC-A2B8-777D24A95830}.Release|Any CPU.ActiveCfg = Release|Any CPU
		{2644D6D5-3C8C-4DBC-A2B8-777D24A95830}.Release|Any CPU.Build.0 = Release|Any CPU
		{2644D6D5-3C8C-4DBC-A2B8-777D24A95830}.Release|x64.ActiveCfg = Release|x64
		{2644D6D5-3C8C-4DBC-A2B8-777D24A95830}.Release|x64.Build.0 = Release|x64
		{2644D6D5-3C8C-4DBC-A2B8-777D24A95830}.Release|x86.ActiveCfg = Release|x86
		{2644D6D5-3C8C-4DBC-A2B8-777D24A95830}.Release|x86.Build.0 = Release|x86
		{40FA5541-3BAC-4D50-A813-F83ED2477307}.Debug|Any CPU.ActiveCfg = Debug|Any CPU
		{40FA5541-3BAC-4D50-A813-F83ED2477307}.Debug|Any CPU.Build.0 = Debug|Any CPU
		{40FA5541-3BAC-4D50-A813-F83ED2477307}.Debug|x64.ActiveCfg = Debug|x64
		{40FA5541-3BAC-4D50-A813-F83ED2477307}.Debug|x64.Build.0 = Debug|x64
		{40FA5541-3BAC-4D50-A813-F83ED2477307}.Debug|x86.ActiveCfg = Debug|x86
		{40FA5541-3BAC-4D50-A813-F83ED2477307}.Debug|x86.Build.0 = Debug|x86
		{40FA5541-3BAC-4D50-A813-F83ED2477307}.Release|Any CPU.ActiveCfg = Release|Any CPU
		{40FA5541-3BAC-4D50-A813-F83ED2477307}.Release|Any CPU.Build.0 = Release|Any CPU
		{40FA5541-3BAC-4D50-A813-F83ED2477307}.Release|x64.ActiveCfg = Release|x64
		{40FA5541-3BAC-4D50-A813-F83ED2477307}.Release|x64.Build.0 = Release|x64
		{40FA5541-3BAC-4D50-A813-F83ED2477307}.Release|x86.ActiveCfg = Release|x86
		{40FA5541-3BAC-4D50-A813-F83ED2477307}.Release|x86.Build.0 = Release|x86
		{3D828664-1554-4F49-90DC-84B1EE0A1E54}.Debug|Any CPU.ActiveCfg = Debug|Any CPU
		{3D828664-1554-4F49-90DC-84B1EE0A1E54}.Debug|Any CPU.Build.0 = Debug|Any CPU
		{3D828664-1554-4F49-90DC-84B1EE0A1E54}.Debug|x64.ActiveCfg = Debug|x64
		{3D828664-1554-4F49-90DC-84B1EE0A1E54}.Debug|x64.Build.0 = Debug|x64
		{3D828664-1554-4F49-90DC-84B1EE0A1E54}.Debug|x86.ActiveCfg = Debug|x86
		{3D828664-1554-4F49-90DC-84B1EE0A1E54}.Debug|x86.Build.0 = Debug|x86
		{3D828664-1554-4F49-90DC-84B1EE0A1E54}.Release|Any CPU.ActiveCfg = Release|Any CPU
		{3D828664-1554-4F49-90DC-84B1EE0A1E54}.Release|Any CPU.Build.0 = Release|Any CPU
		{3D828664-1554-4F49-90DC-84B1EE0A1E54}.Release|x64.ActiveCfg = Release|x64
		{3D828664-1554-4F49-90DC-84B1EE0A1E54}.Release|x64.Build.0 = Release|x64
		{3D828664-1554-4F49-90DC-84B1EE0A1E54}.Release|x86.ActiveCfg = Release|x86
		{3D828664-1554-4F49-90DC-84B1EE0A1E54}.Release|x86.Build.0 = Release|x86
		{E941237E-AF03-4D99-834A-25FBE9F2F053}.Debug|Any CPU.ActiveCfg = Debug|Any CPU
		{E941237E-AF03-4D99-834A-25FBE9F2F053}.Debug|Any CPU.Build.0 = Debug|Any CPU
		{E941237E-AF03-4D99-834A-25FBE9F2F053}.Debug|x64.ActiveCfg = Debug|x64
		{E941237E-AF03-4D99-834A-25FBE9F2F053}.Debug|x64.Build.0 = Debug|x64
		{E941237E-AF03-4D99-834A-25FBE9F2F053}.Debug|x86.ActiveCfg = Debug|Any CPU
		{E941237E-AF03-4D99-834A-25FBE9F2F053}.Debug|x86.Build.0 = Debug|Any CPU
		{E941237E-AF03-4D99-834A-25FBE9F2F053}.Release|Any CPU.ActiveCfg = Release|Any CPU
		{E941237E-AF03-4D99-834A-25FBE9F2F053}.Release|Any CPU.Build.0 = Release|Any CPU
		{E941237E-AF03-4D99-834A-25FBE9F2F053}.Release|x64.ActiveCfg = Release|x64
		{E941237E-AF03-4D99-834A-25FBE9F2F053}.Release|x64.Build.0 = Release|x64
		{E941237E-AF03-4D99-834A-25FBE9F2F053}.Release|x86.ActiveCfg = Release|Any CPU
		{E941237E-AF03-4D99-834A-25FBE9F2F053}.Release|x86.Build.0 = Release|Any CPU
		{AD26428F-1B03-40F0-B4C2-6BA2502899C4}.Debug|Any CPU.ActiveCfg = Debug|Any CPU
		{AD26428F-1B03-40F0-B4C2-6BA2502899C4}.Debug|Any CPU.Build.0 = Debug|Any CPU
		{AD26428F-1B03-40F0-B4C2-6BA2502899C4}.Debug|x64.ActiveCfg = Debug|Any CPU
		{AD26428F-1B03-40F0-B4C2-6BA2502899C4}.Debug|x64.Build.0 = Debug|Any CPU
		{AD26428F-1B03-40F0-B4C2-6BA2502899C4}.Debug|x86.ActiveCfg = Debug|Any CPU
		{AD26428F-1B03-40F0-B4C2-6BA2502899C4}.Debug|x86.Build.0 = Debug|Any CPU
		{AD26428F-1B03-40F0-B4C2-6BA2502899C4}.Release|Any CPU.ActiveCfg = Release|Any CPU
		{AD26428F-1B03-40F0-B4C2-6BA2502899C4}.Release|Any CPU.Build.0 = Release|Any CPU
		{AD26428F-1B03-40F0-B4C2-6BA2502899C4}.Release|x64.ActiveCfg = Release|Any CPU
		{AD26428F-1B03-40F0-B4C2-6BA2502899C4}.Release|x64.Build.0 = Release|Any CPU
		{AD26428F-1B03-40F0-B4C2-6BA2502899C4}.Release|x86.ActiveCfg = Release|Any CPU
		{AD26428F-1B03-40F0-B4C2-6BA2502899C4}.Release|x86.Build.0 = Release|Any CPU
	EndGlobalSection
	GlobalSection(SolutionProperties) = preSolution
		HideSolutionNode = FALSE
	EndGlobalSection
	GlobalSection(ExtensibilityGlobals) = postSolution
		SolutionGuid = {28AD712E-677D-4F16-ADDF-CCB17A9A8783}
	EndGlobalSection
EndGlobal
